
Microsoft Visual Studio Solution File, Format Version 12.00
# Visual Studio Version 17
VisualStudioVersion = 17.10.35027.167
MinimumVisualStudioVersion = 10.0.40219.1
Project("{FAE04EC0-301F-11D3-BF4B-00C04F79EFBC}") = "Core", "Core\Core.csproj", "{5BD362B2-777F-455F-A379-51B8CAAD4DE5}"
EndProject
Global
	GlobalSection(SolutionConfigurationPlatforms) = preSolution
		Debug|Any CPU = Debug|Any CPU
		Release|Any CPU = Release|Any CPU
	EndGlobalSection
	GlobalSection(ProjectConfigurationPlatforms) = postSolution
		{5BD362B2-777F-455F-A379-51B8CAAD4DE5}.Debug|Any CPU.ActiveCfg = Debug|Any CPU
		{5BD362B2-777F-455F-A379-51B8CAAD4DE5}.Debug|Any CPU.Build.0 = Debug|Any CPU
		{5BD362B2-777F-455F-A379-51B8CAAD4DE5}.Release|Any CPU.ActiveCfg = Release|Any CPU
		{5BD362B2-777F-455F-A379-51B8CAAD4DE5}.Release|Any CPU.Build.0 = Release|Any CPU
	EndGlobalSection
	GlobalSection(SolutionProperties) = preSolution
		HideSolutionNode = FALSE
	EndGlobalSection
	GlobalSection(ExtensibilityGlobals) = postSolution
		SolutionGuid = {2D66C283-D946-47F1-8DE6-DA7B96B74C73}
	EndGlobalSection
EndGlobal
