
Microsoft Visual Studio Solution File, Format Version 12.00
# Visual Studio Version 17
VisualStudioVersion = 17.10.35004.147
MinimumVisualStudioVersion = 10.0.40219.1
Project("{9A19103F-16F7-4668-BE54-9A1E7A4F7556}") = "TelegramBot_HomeWork", "TelegramBot_HomeWork\TelegramBot_HomeWork.csproj", "{F567F52E-3A95-4110-8776-63B5739AE58C}"
EndProject
Project("{9A19103F-16F7-4668-BE54-9A1E7A4F7556}") = "SqlHelper", "SqlHelper\SqlHelper.csproj", "{C8736367-A0A9-436D-A8FA-B4D49EAF3AAF}"
EndProject
Project("{9A19103F-16F7-4668-BE54-9A1E7A4F7556}") = "RoleModels", "RoleModels\RoleModels.csproj", "{72860D2C-1F7E-4252-96CF-3B6DE93B162C}"
EndProject
Project("{FAE04EC0-301F-11D3-BF4B-00C04F79EFBC}") = "DataContracts", "DataContracts\DataContracts.csproj", "{A6DD18D3-7E00-4A5C-AD7D-EF444B864EC8}"
EndProject
Global
	GlobalSection(SolutionConfigurationPlatforms) = preSolution
		Debug|Any CPU = Debug|Any CPU
		Release|Any CPU = Release|Any CPU
	EndGlobalSection
	GlobalSection(ProjectConfigurationPlatforms) = postSolution
		{F567F52E-3A95-4110-8776-63B5739AE58C}.Debug|Any CPU.ActiveCfg = Debug|Any CPU
		{F567F52E-3A95-4110-8776-63B5739AE58C}.Debug|Any CPU.Build.0 = Debug|Any CPU
		{F567F52E-3A95-4110-8776-63B5739AE58C}.Release|Any CPU.ActiveCfg = Release|Any CPU
		{F567F52E-3A95-4110-8776-63B5739AE58C}.Release|Any CPU.Build.0 = Release|Any CPU
		{C8736367-A0A9-436D-A8FA-B4D49EAF3AAF}.Debug|Any CPU.ActiveCfg = Debug|Any CPU
		{C8736367-A0A9-436D-A8FA-B4D49EAF3AAF}.Debug|Any CPU.Build.0 = Debug|Any CPU
		{C8736367-A0A9-436D-A8FA-B4D49EAF3AAF}.Release|Any CPU.ActiveCfg = Release|Any CPU
		{C8736367-A0A9-436D-A8FA-B4D49EAF3AAF}.Release|Any CPU.Build.0 = Release|Any CPU
		{72860D2C-1F7E-4252-96CF-3B6DE93B162C}.Debug|Any CPU.ActiveCfg = Debug|Any CPU
		{72860D2C-1F7E-4252-96CF-3B6DE93B162C}.Debug|Any CPU.Build.0 = Debug|Any CPU
		{72860D2C-1F7E-4252-96CF-3B6DE93B162C}.Release|Any CPU.ActiveCfg = Release|Any CPU
		{72860D2C-1F7E-4252-96CF-3B6DE93B162C}.Release|Any CPU.Build.0 = Release|Any CPU
		{A6DD18D3-7E00-4A5C-AD7D-EF444B864EC8}.Debug|Any CPU.ActiveCfg = Debug|Any CPU
		{A6DD18D3-7E00-4A5C-AD7D-EF444B864EC8}.Debug|Any CPU.Build.0 = Debug|Any CPU
		{A6DD18D3-7E00-4A5C-AD7D-EF444B864EC8}.Release|Any CPU.ActiveCfg = Release|Any CPU
		{A6DD18D3-7E00-4A5C-AD7D-EF444B864EC8}.Release|Any CPU.Build.0 = Release|Any CPU
	EndGlobalSection
	GlobalSection(SolutionProperties) = preSolution
		HideSolutionNode = FALSE
	EndGlobalSection
	GlobalSection(ExtensibilityGlobals) = postSolution
		SolutionGuid = {534C4C99-C234-4CEC-9FA0-5BEA6DBA68BD}
	EndGlobalSection
EndGlobal
